// !$*UTF8*$!
{
	archiveVersion = 1;
	classes = {
	};
	objectVersion = 50;
	objects = {

/* Begin PBXBuildFile section */
		2BB480452262A9F90074E554 /* AppDelegate.swift in Sources */ = {isa = PBXBuildFile; fileRef = 2BB480442262A9F90074E554 /* AppDelegate.swift */; };
		2BB480472262A9F90074E554 /* ViewController.swift in Sources */ = {isa = PBXBuildFile; fileRef = 2BB480462262A9F90074E554 /* ViewController.swift */; };
		2BB4804A2262A9F90074E554 /* Main.storyboard in Resources */ = {isa = PBXBuildFile; fileRef = 2BB480482262A9F90074E554 /* Main.storyboard */; };
		2BB4804C2262A9FC0074E554 /* Assets.xcassets in Resources */ = {isa = PBXBuildFile; fileRef = 2BB4804B2262A9FC0074E554 /* Assets.xcassets */; };
		2BB4804F2262A9FC0074E554 /* LaunchScreen.storyboard in Resources */ = {isa = PBXBuildFile; fileRef = 2BB4804D2262A9FC0074E554 /* LaunchScreen.storyboard */; };
		2BB4805A2262A9FC0074E554 /* NOSDriverTests.swift in Sources */ = {isa = PBXBuildFile; fileRef = 2BB480592262A9FC0074E554 /* NOSDriverTests.swift */; };
		2BB480652262A9FC0074E554 /* NOSDriverUITests.swift in Sources */ = {isa = PBXBuildFile; fileRef = 2BB480642262A9FC0074E554 /* NOSDriverUITests.swift */; };
/* End PBXBuildFile section */

/* Begin PBXContainerItemProxy section */
		2BB480562262A9FC0074E554 /* PBXContainerItemProxy */ = {
			isa = PBXContainerItemProxy;
			containerPortal = 2BB480392262A9F90074E554 /* Project object */;
			proxyType = 1;
			remoteGlobalIDString = 2BB480402262A9F90074E554;
			remoteInfo = NOSDriver;
		};
		2BB480612262A9FC0074E554 /* PBXContainerItemProxy */ = {
			isa = PBXContainerItemProxy;
			containerPortal = 2BB480392262A9F90074E554 /* Project object */;
			proxyType = 1;
			remoteGlobalIDString = 2BB480402262A9F90074E554;
			remoteInfo = NOSDriver;
		};
/* End PBXContainerItemProxy section */

/* Begin PBXFileReference section */
		2BB480412262A9F90074E554 /* NOSDriver.app */ = {isa = PBXFileReference; explicitFileType = wrapper.application; includeInIndex = 0; path = NOSDriver.app; sourceTree = BUILT_PRODUCTS_DIR; };
		2BB480442262A9F90074E554 /* AppDelegate.swift */ = {isa = PBXFileReference; lastKnownFileType = sourcecode.swift; path = AppDelegate.swift; sourceTree = "<group>"; };
		2BB480462262A9F90074E554 /* ViewController.swift */ = {isa = PBXFileReference; lastKnownFileType = sourcecode.swift; path = ViewController.swift; sourceTree = "<group>"; };
		2BB480492262A9F90074E554 /* Base */ = {isa = PBXFileReference; lastKnownFileType = file.storyboard; name = Base; path = Base.lproj/Main.storyboard; sourceTree = "<group>"; };
		2BB4804B2262A9FC0074E554 /* Assets.xcassets */ = {isa = PBXFileReference; lastKnownFileType = folder.assetcatalog; path = Assets.xcassets; sourceTree = "<group>"; };
		2BB4804E2262A9FC0074E554 /* Base */ = {isa = PBXFileReference; lastKnownFileType = file.storyboard; name = Base; path = Base.lproj/LaunchScreen.storyboard; sourceTree = "<group>"; };
		2BB480502262A9FC0074E554 /* Info.plist */ = {isa = PBXFileReference; lastKnownFileType = text.plist.xml; path = Info.plist; sourceTree = "<group>"; };
		2BB480552262A9FC0074E554 /* NOSDriverTests.xctest */ = {isa = PBXFileReference; explicitFileType = wrapper.cfbundle; includeInIndex = 0; path = NOSDriverTests.xctest; sourceTree = BUILT_PRODUCTS_DIR; };
		2BB480592262A9FC0074E554 /* NOSDriverTests.swift */ = {isa = PBXFileReference; lastKnownFileType = sourcecode.swift; path = NOSDriverTests.swift; sourceTree = "<group>"; };
		2BB4805B2262A9FC0074E554 /* Info.plist */ = {isa = PBXFileReference; lastKnownFileType = text.plist.xml; path = Info.plist; sourceTree = "<group>"; };
		2BB480602262A9FC0074E554 /* NOSDriverUITests.xctest */ = {isa = PBXFileReference; explicitFileType = wrapper.cfbundle; includeInIndex = 0; path = NOSDriverUITests.xctest; sourceTree = BUILT_PRODUCTS_DIR; };
		2BB480642262A9FC0074E554 /* NOSDriverUITests.swift */ = {isa = PBXFileReference; lastKnownFileType = sourcecode.swift; path = NOSDriverUITests.swift; sourceTree = "<group>"; };
		2BB480662262A9FC0074E554 /* Info.plist */ = {isa = PBXFileReference; lastKnownFileType = text.plist.xml; path = Info.plist; sourceTree = "<group>"; };
/* End PBXFileReference section */

/* Begin PBXFrameworksBuildPhase section */
		2BB4803E2262A9F90074E554 /* Frameworks */ = {
			isa = PBXFrameworksBuildPhase;
			buildActionMask = 2147483647;
			files = (
			);
			runOnlyForDeploymentPostprocessing = 0;
		};
		2BB480522262A9FC0074E554 /* Frameworks */ = {
			isa = PBXFrameworksBuildPhase;
			buildActionMask = 2147483647;
			files = (
			);
			runOnlyForDeploymentPostprocessing = 0;
		};
		2BB4805D2262A9FC0074E554 /* Frameworks */ = {
			isa = PBXFrameworksBuildPhase;
			buildActionMask = 2147483647;
			files = (
			);
			runOnlyForDeploymentPostprocessing = 0;
		};
/* End PBXFrameworksBuildPhase section */

/* Begin PBXGroup section */
		2BB480382262A9F90074E554 = {
			isa = PBXGroup;
			children = (
				2BB480432262A9F90074E554 /* NOSDriver */,
				2BB480582262A9FC0074E554 /* NOSDriverTests */,
				2BB480632262A9FC0074E554 /* NOSDriverUITests */,
				2BB480422262A9F90074E554 /* Products */,
			);
			sourceTree = "<group>";
		};
		2BB480422262A9F90074E554 /* Products */ = {
			isa = PBXGroup;
			children = (
				2BB480412262A9F90074E554 /* NOSDriver.app */,
				2BB480552262A9FC0074E554 /* NOSDriverTests.xctest */,
				2BB480602262A9FC0074E554 /* NOSDriverUITests.xctest */,
			);
			name = Products;
			sourceTree = "<group>";
		};
		2BB480432262A9F90074E554 /* NOSDriver */ = {
			isa = PBXGroup;
			children = (
				2BB480442262A9F90074E554 /* AppDelegate.swift */,
				2BB480462262A9F90074E554 /* ViewController.swift */,
				2BB480482262A9F90074E554 /* Main.storyboard */,
				2BB4804B2262A9FC0074E554 /* Assets.xcassets */,
				2BB4804D2262A9FC0074E554 /* LaunchScreen.storyboard */,
				2BB480502262A9FC0074E554 /* Info.plist */,
			);
			path = NOSDriver;
			sourceTree = "<group>";
		};
		2BB480582262A9FC0074E554 /* NOSDriverTests */ = {
			isa = PBXGroup;
			children = (
				2BB480592262A9FC0074E554 /* NOSDriverTests.swift */,
				2BB4805B2262A9FC0074E554 /* Info.plist */,
			);
			path = NOSDriverTests;
			sourceTree = "<group>";
		};
		2BB480632262A9FC0074E554 /* NOSDriverUITests */ = {
			isa = PBXGroup;
			children = (
				2BB480642262A9FC0074E554 /* NOSDriverUITests.swift */,
				2BB480662262A9FC0074E554 /* Info.plist */,
			);
			path = NOSDriverUITests;
			sourceTree = "<group>";
		};
/* End PBXGroup section */

/* Begin PBXNativeTarget section */
		2BB480402262A9F90074E554 /* NOSDriver */ = {
			isa = PBXNativeTarget;
			buildConfigurationList = 2BB480692262A9FC0074E554 /* Build configuration list for PBXNativeTarget "NOSDriver" */;
			buildPhases = (
				2BB4803D2262A9F90074E554 /* Sources */,
				2BB4803E2262A9F90074E554 /* Frameworks */,
				2BB4803F2262A9F90074E554 /* Resources */,
			);
			buildRules = (
			);
			dependencies = (
			);
			name = NOSDriver;
			productName = NOSDriver;
			productReference = 2BB480412262A9F90074E554 /* NOSDriver.app */;
			productType = "com.apple.product-type.application";
		};
		2BB480542262A9FC0074E554 /* NOSDriverTests */ = {
			isa = PBXNativeTarget;
			buildConfigurationList = 2BB4806C2262A9FC0074E554 /* Build configuration list for PBXNativeTarget "NOSDriverTests" */;
			buildPhases = (
				2BB480512262A9FC0074E554 /* Sources */,
				2BB480522262A9FC0074E554 /* Frameworks */,
				2BB480532262A9FC0074E554 /* Resources */,
			);
			buildRules = (
			);
			dependencies = (
				2BB480572262A9FC0074E554 /* PBXTargetDependency */,
			);
			name = NOSDriverTests;
			productName = NOSDriverTests;
			productReference = 2BB480552262A9FC0074E554 /* NOSDriverTests.xctest */;
			productType = "com.apple.product-type.bundle.unit-test";
		};
		2BB4805F2262A9FC0074E554 /* NOSDriverUITests */ = {
			isa = PBXNativeTarget;
			buildConfigurationList = 2BB4806F2262A9FC0074E554 /* Build configuration list for PBXNativeTarget "NOSDriverUITests" */;
			buildPhases = (
				2BB4805C2262A9FC0074E554 /* Sources */,
				2BB4805D2262A9FC0074E554 /* Frameworks */,
				2BB4805E2262A9FC0074E554 /* Resources */,
			);
			buildRules = (
			);
			dependencies = (
				2BB480622262A9FC0074E554 /* PBXTargetDependency */,
			);
			name = NOSDriverUITests;
			productName = NOSDriverUITests;
			productReference = 2BB480602262A9FC0074E554 /* NOSDriverUITests.xctest */;
			productType = "com.apple.product-type.bundle.ui-testing";
		};
/* End PBXNativeTarget section */

/* Begin PBXProject section */
		2BB480392262A9F90074E554 /* Project object */ = {
			isa = PBXProject;
			attributes = {
				LastSwiftUpdateCheck = 1020;
				LastUpgradeCheck = 1020;
				ORGANIZATIONNAME = "Ian Manor";
				TargetAttributes = {
					2BB480402262A9F90074E554 = {
						CreatedOnToolsVersion = 10.2;
					};
					2BB480542262A9FC0074E554 = {
						CreatedOnToolsVersion = 10.2;
						TestTargetID = 2BB480402262A9F90074E554;
					};
					2BB4805F2262A9FC0074E554 = {
						CreatedOnToolsVersion = 10.2;
						TestTargetID = 2BB480402262A9F90074E554;
					};
				};
			};
			buildConfigurationList = 2BB4803C2262A9F90074E554 /* Build configuration list for PBXProject "NOSDriver" */;
			compatibilityVersion = "Xcode 9.3";
			developmentRegion = en;
			hasScannedForEncodings = 0;
			knownRegions = (
				en,
				Base,
			);
			mainGroup = 2BB480382262A9F90074E554;
			productRefGroup = 2BB480422262A9F90074E554 /* Products */;
			projectDirPath = "";
			projectRoot = "";
			targets = (
				2BB480402262A9F90074E554 /* NOSDriver */,
				2BB480542262A9FC0074E554 /* NOSDriverTests */,
				2BB4805F2262A9FC0074E554 /* NOSDriverUITests */,
			);
		};
/* End PBXProject section */

/* Begin PBXResourcesBuildPhase section */
		2BB4803F2262A9F90074E554 /* Resources */ = {
			isa = PBXResourcesBuildPhase;
			buildActionMask = 2147483647;
			files = (
				2BB4804F2262A9FC0074E554 /* LaunchScreen.storyboard in Resources */,
				2BB4804C2262A9FC0074E554 /* Assets.xcassets in Resources */,
				2BB4804A2262A9F90074E554 /* Main.storyboard in Resources */,
			);
			runOnlyForDeploymentPostprocessing = 0;
		};
		2BB480532262A9FC0074E554 /* Resources */ = {
			isa = PBXResourcesBuildPhase;
			buildActionMask = 2147483647;
			files = (
			);
			runOnlyForDeploymentPostprocessing = 0;
		};
		2BB4805E2262A9FC0074E554 /* Resources */ = {
			isa = PBXResourcesBuildPhase;
			buildActionMask = 2147483647;
			files = (
			);
			runOnlyForDeploymentPostprocessing = 0;
		};
/* End PBXResourcesBuildPhase section */

/* Begin PBXSourcesBuildPhase section */
		2BB4803D2262A9F90074E554 /* Sources */ = {
			isa = PBXSourcesBuildPhase;
			buildActionMask = 2147483647;
			files = (
				2BB480472262A9F90074E554 /* ViewController.swift in Sources */,
				2BB480452262A9F90074E554 /* AppDelegate.swift in Sources */,
			);
			runOnlyForDeploymentPostprocessing = 0;
		};
		2BB480512262A9FC0074E554 /* Sources */ = {
			isa = PBXSourcesBuildPhase;
			buildActionMask = 2147483647;
			files = (
				2BB4805A2262A9FC0074E554 /* NOSDriverTests.swift in Sources */,
			);
			runOnlyForDeploymentPostprocessing = 0;
		};
		2BB4805C2262A9FC0074E554 /* Sources */ = {
			isa = PBXSourcesBuildPhase;
			buildActionMask = 2147483647;
			files = (
				2BB480652262A9FC0074E554 /* NOSDriverUITests.swift in Sources */,
			);
			runOnlyForDeploymentPostprocessing = 0;
		};
/* End PBXSourcesBuildPhase section */

/* Begin PBXTargetDependency section */
		2BB480572262A9FC0074E554 /* PBXTargetDependency */ = {
			isa = PBXTargetDependency;
			target = 2BB480402262A9F90074E554 /* NOSDriver */;
			targetProxy = 2BB480562262A9FC0074E554 /* PBXContainerItemProxy */;
		};
		2BB480622262A9FC0074E554 /* PBXTargetDependency */ = {
			isa = PBXTargetDependency;
			target = 2BB480402262A9F90074E554 /* NOSDriver */;
			targetProxy = 2BB480612262A9FC0074E554 /* PBXContainerItemProxy */;
		};
/* End PBXTargetDependency section */

/* Begin PBXVariantGroup section */
		2BB480482262A9F90074E554 /* Main.storyboard */ = {
			isa = PBXVariantGroup;
			children = (
				2BB480492262A9F90074E554 /* Base */,
			);
			name = Main.storyboard;
			sourceTree = "<group>";
		};
		2BB4804D2262A9FC0074E554 /* LaunchScreen.storyboard */ = {
			isa = PBXVariantGroup;
			children = (
				2BB4804E2262A9FC0074E554 /* Base */,
			);
			name = LaunchScreen.storyboard;
			sourceTree = "<group>";
		};
/* End PBXVariantGroup section */

/* Begin XCBuildConfiguration section */
		2BB480672262A9FC0074E554 /* Debug */ = {
			isa = XCBuildConfiguration;
			buildSettings = {
				ALWAYS_SEARCH_USER_PATHS = NO;
				CLANG_ANALYZER_NONNULL = YES;
				CLANG_ANALYZER_NUMBER_OBJECT_CONVERSION = YES_AGGRESSIVE;
				CLANG_CXX_LANGUAGE_STANDARD = "gnu++14";
				CLANG_CXX_LIBRARY = "libc++";
				CLANG_ENABLE_MODULES = YES;
				CLANG_ENABLE_OBJC_ARC = YES;
				CLANG_ENABLE_OBJC_WEAK = YES;
				CLANG_WARN_BLOCK_CAPTURE_AUTORELEASING = YES;
				CLANG_WARN_BOOL_CONVERSION = YES;
				CLANG_WARN_COMMA = YES;
				CLANG_WARN_CONSTANT_CONVERSION = YES;
				CLANG_WARN_DEPRECATED_OBJC_IMPLEMENTATIONS = YES;
				CLANG_WARN_DIRECT_OBJC_ISA_USAGE = YES_ERROR;
				CLANG_WARN_DOCUMENTATION_COMMENTS = YES;
				CLANG_WARN_EMPTY_BODY = YES;
				CLANG_WARN_ENUM_CONVERSION = YES;
				CLANG_WARN_INFINITE_RECURSION = YES;
				CLANG_WARN_INT_CONVERSION = YES;
				CLANG_WARN_NON_LITERAL_NULL_CONVERSION = YES;
				CLANG_WARN_OBJC_IMPLICIT_RETAIN_SELF = YES;
				CLANG_WARN_OBJC_LITERAL_CONVERSION = YES;
				CLANG_WARN_OBJC_ROOT_CLASS = YES_ERROR;
				CLANG_WARN_RANGE_LOOP_ANALYSIS = YES;
				CLANG_WARN_STRICT_PROTOTYPES = YES;
				CLANG_WARN_SUSPICIOUS_MOVE = YES;
				CLANG_WARN_UNGUARDED_AVAILABILITY = YES_AGGRESSIVE;
				CLANG_WARN_UNREACHABLE_CODE = YES;
				CLANG_WARN__DUPLICATE_METHOD_MATCH = YES;
				CODE_SIGN_IDENTITY = "iPhone Developer";
				COPY_PHASE_STRIP = NO;
				DEBUG_INFORMATION_FORMAT = dwarf;
				ENABLE_STRICT_OBJC_MSGSEND = YES;
				ENABLE_TESTABILITY = YES;
				GCC_C_LANGUAGE_STANDARD = gnu11;
				GCC_DYNAMIC_NO_PIC = NO;
				GCC_NO_COMMON_BLOCKS = YES;
				GCC_OPTIMIZATION_LEVEL = 0;
				GCC_PREPROCESSOR_DEFINITIONS = (
					"DEBUG=1",
					"$(inherited)",
				);
				GCC_WARN_64_TO_32_BIT_CONVERSION = YES;
				GCC_WARN_ABOUT_RETURN_TYPE = YES_ERROR;
				GCC_WARN_UNDECLARED_SELECTOR = YES;
				GCC_WARN_UNINITIALIZED_AUTOS = YES_AGGRESSIVE;
				GCC_WARN_UNUSED_FUNCTION = YES;
				GCC_WARN_UNUSED_VARIABLE = YES;
				IPHONEOS_DEPLOYMENT_TARGET = 12.2;
				MTL_ENABLE_DEBUG_INFO = INCLUDE_SOURCE;
				MTL_FAST_MATH = YES;
				ONLY_ACTIVE_ARCH = YES;
				SDKROOT = iphoneos;
				SWIFT_ACTIVE_COMPILATION_CONDITIONS = DEBUG;
				SWIFT_OPTIMIZATION_LEVEL = "-Onone";
			};
			name = Debug;
		};
		2BB480682262A9FC0074E554 /* Release */ = {
			isa = XCBuildConfiguration;
			buildSettings = {
				ALWAYS_SEARCH_USER_PATHS = NO;
				CLANG_ANALYZER_NONNULL = YES;
				CLANG_ANALYZER_NUMBER_OBJECT_CONVERSION = YES_AGGRESSIVE;
				CLANG_CXX_LANGUAGE_STANDARD = "gnu++14";
				CLANG_CXX_LIBRARY = "libc++";
				CLANG_ENABLE_MODULES = YES;
				CLANG_ENABLE_OBJC_ARC = YES;
				CLANG_ENABLE_OBJC_WEAK = YES;
				CLANG_WARN_BLOCK_CAPTURE_AUTORELEASING = YES;
				CLANG_WARN_BOOL_CONVERSION = YES;
				CLANG_WARN_COMMA = YES;
				CLANG_WARN_CONSTANT_CONVERSION = YES;
				CLANG_WARN_DEPRECATED_OBJC_IMPLEMENTATIONS = YES;
				CLANG_WARN_DIRECT_OBJC_ISA_USAGE = YES_ERROR;
				CLANG_WARN_DOCUMENTATION_COMMENTS = YES;
				CLANG_WARN_EMPTY_BODY = YES;
				CLANG_WARN_ENUM_CONVERSION = YES;
				CLANG_WARN_INFINITE_RECURSION = YES;
				CLANG_WARN_INT_CONVERSION = YES;
				CLANG_WARN_NON_LITERAL_NULL_CONVERSION = YES;
				CLANG_WARN_OBJC_IMPLICIT_RETAIN_SELF = YES;
				CLANG_WARN_OBJC_LITERAL_CONVERSION = YES;
				CLANG_WARN_OBJC_ROOT_CLASS = YES_ERROR;
				CLANG_WARN_RANGE_LOOP_ANALYSIS = YES;
				CLANG_WARN_STRICT_PROTOTYPES = YES;
				CLANG_WARN_SUSPICIOUS_MOVE = YES;
				CLANG_WARN_UNGUARDED_AVAILABILITY = YES_AGGRESSIVE;
				CLANG_WARN_UNREACHABLE_CODE = YES;
				CLANG_WARN__DUPLICATE_METHOD_MATCH = YES;
				CODE_SIGN_IDENTITY = "iPhone Developer";
				COPY_PHASE_STRIP = NO;
				DEBUG_INFORMATION_FORMAT = "dwarf-with-dsym";
				ENABLE_NS_ASSERTIONS = NO;
				ENABLE_STRICT_OBJC_MSGSEND = YES;
				GCC_C_LANGUAGE_STANDARD = gnu11;
				GCC_NO_COMMON_BLOCKS = YES;
				GCC_WARN_64_TO_32_BIT_CONVERSION = YES;
				GCC_WARN_ABOUT_RETURN_TYPE = YES_ERROR;
				GCC_WARN_UNDECLARED_SELECTOR = YES;
				GCC_WARN_UNINITIALIZED_AUTOS = YES_AGGRESSIVE;
				GCC_WARN_UNUSED_FUNCTION = YES;
				GCC_WARN_UNUSED_VARIABLE = YES;
				IPHONEOS_DEPLOYMENT_TARGET = 12.2;
				MTL_ENABLE_DEBUG_INFO = NO;
				MTL_FAST_MATH = YES;
				SDKROOT = iphoneos;
				SWIFT_COMPILATION_MODE = wholemodule;
				SWIFT_OPTIMIZATION_LEVEL = "-O";
				VALIDATE_PRODUCT = YES;
			};
			name = Release;
		};
		2BB4806A2262A9FC0074E554 /* Debug */ = {
			isa = XCBuildConfiguration;
			buildSettings = {
				ASSETCATALOG_COMPILER_APPICON_NAME = AppIcon;
				CODE_SIGN_STYLE = Automatic;
				DEVELOPMENT_TEAM = 4WDGXAFZJ6;
				INFOPLIST_FILE = NOSDriver/Info.plist;
				LD_RUNPATH_SEARCH_PATHS = (
					"$(inherited)",
					"@executable_path/Frameworks",
				);
				PRODUCT_BUNDLE_IDENTIFIER = com.imvm.NOSDriver;
				PRODUCT_NAME = "$(TARGET_NAME)";
				SWIFT_VERSION = 5.0;
				TARGETED_DEVICE_FAMILY = "1,2";
			};
			name = Debug;
		};
		2BB4806B2262A9FC0074E554 /* Release */ = {
			isa = XCBuildConfiguration;
			buildSettings = {
				ASSETCATALOG_COMPILER_APPICON_NAME = AppIcon;
				CODE_SIGN_STYLE = Automatic;
				DEVELOPMENT_TEAM = 4WDGXAFZJ6;
				INFOPLIST_FILE = NOSDriver/Info.plist;
				LD_RUNPATH_SEARCH_PATHS = (
					"$(inherited)",
					"@executable_path/Frameworks",
				);
				PRODUCT_BUNDLE_IDENTIFIER = com.imvm.NOSDriver;
				PRODUCT_NAME = "$(TARGET_NAME)";
				SWIFT_VERSION = 5.0;
				TARGETED_DEVICE_FAMILY = "1,2";
			};
			name = Release;
		};
		2BB4806D2262A9FC0074E554 /* Debug */ = {
			isa = XCBuildConfiguration;
			buildSettings = {
				ALWAYS_EMBED_SWIFT_STANDARD_LIBRARIES = YES;
				BUNDLE_LOADER = "$(TEST_HOST)";
				CODE_SIGN_STYLE = Automatic;
				DEVELOPMENT_TEAM = 4WDGXAFZJ6;
				INFOPLIST_FILE = NOSDriverTests/Info.plist;
				LD_RUNPATH_SEARCH_PATHS = (
					"$(inherited)",
					"@executable_path/Frameworks",
					"@loader_path/Frameworks",
				);
				PRODUCT_BUNDLE_IDENTIFIER = com.imvm.NOSDriverTests;
				PRODUCT_NAME = "$(TARGET_NAME)";
				SWIFT_VERSION = 5.0;
				TARGETED_DEVICE_FAMILY = "1,2";
				TEST_HOST = "$(BUILT_PRODUCTS_DIR)/NOSDriver.app/NOSDriver";
			};
			name = Debug;
		};
		2BB4806E2262A9FC0074E554 /* Release */ = {
			isa = XCBuildConfiguration;
			buildSettings = {
				ALWAYS_EMBED_SWIFT_STANDARD_LIBRARIES = YES;
				BUNDLE_LOADER = "$(TEST_HOST)";
				CODE_SIGN_STYLE = Automatic;
				DEVELOPMENT_TEAM = 4WDGXAFZJ6;
				INFOPLIST_FILE = NOSDriverTests/Info.plist;
				LD_RUNPATH_SEARCH_PATHS = (
					"$(inherited)",
					"@executable_path/Frameworks",
					"@loader_path/Frameworks",
				);
				PRODUCT_BUNDLE_IDENTIFIER = com.imvm.NOSDriverTests;
				PRODUCT_NAME = "$(TARGET_NAME)";
				SWIFT_VERSION = 5.0;
				TARGETED_DEVICE_FAMILY = "1,2";
				TEST_HOST = "$(BUILT_PRODUCTS_DIR)/NOSDriver.app/NOSDriver";
			};
			name = Release;
		};
		2BB480702262A9FC0074E554 /* Debug */ = {
			isa = XCBuildConfiguration;
			buildSettings = {
				ALWAYS_EMBED_SWIFT_STANDARD_LIBRARIES = YES;
				CODE_SIGN_STYLE = Automatic;
				DEVELOPMENT_TEAM = 4WDGXAFZJ6;
				INFOPLIST_FILE = NOSDriverUITests/Info.plist;
				LD_RUNPATH_SEARCH_PATHS = (
					"$(inherited)",
					"@executable_path/Frameworks",
					"@loader_path/Frameworks",
				);
				PRODUCT_BUNDLE_IDENTIFIER = com.imvm.NOSDriverUITests;
				PRODUCT_NAME = "$(TARGET_NAME)";
				SWIFT_VERSION = 5.0;
				TARGETED_DEVICE_FAMILY = "1,2";
				TEST_TARGET_NAME = NOSDriver;
			};
			name = Debug;
		};
		2BB480712262A9FC0074E554 /* Release */ = {
			isa = XCBuildConfiguration;
			buildSettings = {
				ALWAYS_EMBED_SWIFT_STANDARD_LIBRARIES = YES;
				CODE_SIGN_STYLE = Automatic;
				DEVELOPMENT_TEAM = 4WDGXAFZJ6;
				INFOPLIST_FILE = NOSDriverUITests/Info.plist;
				LD_RUNPATH_SEARCH_PATHS = (
					"$(inherited)",
					"@executable_path/Frameworks",
					"@loader_path/Frameworks",
				);
				PRODUCT_BUNDLE_IDENTIFIER = com.imvm.NOSDriverUITests;
				PRODUCT_NAME = "$(TARGET_NAME)";
				SWIFT_VERSION = 5.0;
				TARGETED_DEVICE_FAMILY = "1,2";
				TEST_TARGET_NAME = NOSDriver;
			};
			name = Release;
		};
/* End XCBuildConfiguration section */

/* Begin XCConfigurationList section */
		2BB4803C2262A9F90074E554 /* Build configuration list for PBXProject "NOSDriver" */ = {
			isa = XCConfigurationList;
			buildConfigurations = (
				2BB480672262A9FC0074E554 /* Debug */,
				2BB480682262A9FC0074E554 /* Release */,
			);
			defaultConfigurationIsVisible = 0;
			defaultConfigurationName = Release;
		};
		2BB480692262A9FC0074E554 /* Build configuration list for PBXNativeTarget "NOSDriver" */ = {
			isa = XCConfigurationList;
			buildConfigurations = (
				2BB4806A2262A9FC0074E554 /* Debug */,
				2BB4806B2262A9FC0074E554 /* Release */,
			);
			defaultConfigurationIsVisible = 0;
			defaultConfigurationName = Release;
		};
		2BB4806C2262A9FC0074E554 /* Build configuration list for PBXNativeTarget "NOSDriverTests" */ = {
			isa = XCConfigurationList;
			buildConfigurations = (
				2BB4806D2262A9FC0074E554 /* Debug */,
				2BB4806E2262A9FC0074E554 /* Release */,
			);
			defaultConfigurationIsVisible = 0;
			defaultConfigurationName = Release;
		};
		2BB4806F2262A9FC0074E554 /* Build configuration list for PBXNativeTarget "NOSDriverUITests" */ = {
			isa = XCConfigurationList;
			buildConfigurations = (
				2BB480702262A9FC0074E554 /* Debug */,
				2BB480712262A9FC0074E554 /* Release */,
			);
			defaultConfigurationIsVisible = 0;
			defaultConfigurationName = Release;
		};
/* End XCConfigurationList section */
	};
	rootObject = 2BB480392262A9F90074E554 /* Project object */;
}
